
Microsoft Visual Studio Solution File, Format Version 12.00
# Visual Studio Version 17
VisualStudioVersion = 17.5.33530.505
MinimumVisualStudioVersion = 10.0.40219.1
Project("{FAE04EC0-301F-11D3-BF4B-00C04F79EFBC}") = "WindowsFormsApp13", "WindowsFormsApp13\WindowsFormsApp13.csproj", "{1456B206-63B3-48AF-BD32-A0CF927E791C}"
EndProject
Global
	GlobalSection(SolutionConfigurationPlatforms) = preSolution
		Debug|Any CPU = Debug|Any CPU
		Release|Any CPU = Release|Any CPU
	EndGlobalSection
	GlobalSection(ProjectConfigurationPlatforms) = postSolution
		{1456B206-63B3-48AF-BD32-A0CF927E791C}.Debug|Any CPU.ActiveCfg = Debug|Any CPU
		{1456B206-63B3-48AF-BD32-A0CF927E791C}.Debug|Any CPU.Build.0 = Debug|Any CPU
		{1456B206-63B3-48AF-BD32-A0CF927E791C}.Release|Any CPU.ActiveCfg = Release|Any CPU
		{1456B206-63B3-48AF-BD32-A0CF927E791C}.Release|Any CPU.Build.0 = Release|Any CPU
	EndGlobalSection
	GlobalSection(SolutionProperties) = preSolution
		HideSolutionNode = FALSE
	EndGlobalSection
	GlobalSection(ExtensibilityGlobals) = postSolution
		SolutionGuid = {8263F664-733F-45B1-97AC-7E26C61EF301}
	EndGlobalSection
EndGlobal
